version = 1
revision = 3
requires-python = ">3.13"

[[package]]
name = "controller-map"
version = "0.1.0"
source = { editable = "." }
dependencies = [
    { name = "pypdf" },
]

[package.metadata]
requires-dist = [{ name = "pypdf", specifier = ">=6.10,<7" }]

[[package]]
name = "pypdf"
version = "6.16.1"
source = { registry = "https://pypi.org/simple" }
sdist = { url = "https://files.pythonhosted.org/packages/b6/5a/df92d1c1ef8806ca28f20f978ee059894868d93de797a7e2edebe7fe1a43/pypdf-6.16.1.tar.gz", hash = "sha256:c4d1b43ddae921387321cf63936cd16a7743b91d2da92f165c149a195c972ba9", size = 7003737, upload-time = "2026-08-14T12:24:04.531Z" }
wheels = [
    { url = "https://files.pythonhosted.org/packages/33/a1/724b18d6757ab7253a8fecd3a430eb8d980ed26872ba16651e7b5ddfc63f/pypdf-6.16.1-py3-none-any.whl", hash = "sha256:63fec31c4092ae50b6729beedcb469055b60d20c834bde1c402df241f371f644", size = 382924, upload-time = "2026-08-14T12:24:02.854Z" },
]
